
Microsoft Visual Studio Solution File, Format Version 11.00
# Visual C++ Express 2010
Project("{8BC9CEB8-8B4A-11D0-8D11-00A0C91BC942}") = "HC15C", "HC15C\HC15C.vcxproj", "{59404BB0-B88B-4766-9E54-B2D7133F46DF}"
EndProject
Global
	GlobalSection(SolutionConfigurationPlatforms) = preSolution
		Debug|Win32 = Debug|Win32
		Release|Win32 = Release|Win32
	EndGlobalSection
	GlobalSection(ProjectConfigurationPlatforms) = postSolution
		{59404BB0-B88B-4766-9E54-B2D7133F46DF}.Debug|Win32.ActiveCfg = Debug|Win32
		{59404BB0-B88B-4766-9E54-B2D7133F46DF}.Debug|Win32.Build.0 = Debug|Win32
		{59404BB0-B88B-4766-9E54-B2D7133F46DF}.Release|Win32.ActiveCfg = Release|Win32
		{59404BB0-B88B-4766-9E54-B2D7133F46DF}.Release|Win32.Build.0 = Release|Win32
	EndGlobalSection
	GlobalSection(SolutionProperties) = preSolution
		HideSolutionNode = FALSE
	EndGlobalSection
EndGlobal
